
Microsoft Visual Studio Solution File, Format Version 12.00
# Visual Studio Version 17
VisualStudioVersion = 17.11.35431.28
MinimumVisualStudioVersion = 10.0.40219.1
Project("{8BC9CEB8-8B4A-11D0-8D11-00A0C91BC942}") = "Week1OOP", "Week1OOP.vcxproj", "{2516BECB-EEFF-410E-B280-B875AE292A27}"
EndProject
Project("{8BC9CEB8-8B4A-11D0-8D11-00A0C91BC942}") = "UnitTest1", "..\UnitTest1\UnitTest1.vcxproj", "{A711C976-B163-481B-B5D2-4599F3CF409F}"
EndProject
Global
	GlobalSection(SolutionConfigurationPlatforms) = preSolution
		Debug|x64 = Debug|x64
		Debug|x86 = Debug|x86
		Release|x64 = Release|x64
		Release|x86 = Release|x86
	EndGlobalSection
	GlobalSection(ProjectConfigurationPlatforms) = postSolution
		{2516BECB-EEFF-410E-B280-B875AE292A27}.Debug|x64.ActiveCfg = Debug|x64
		{2516BECB-EEFF-410E-B280-B875AE292A27}.Debug|x64.Build.0 = Debug|x64
		{2516BECB-EEFF-410E-B280-B875AE292A27}.Debug|x86.ActiveCfg = Debug|Win32
		{2516BECB-EEFF-410E-B280-B875AE292A27}.Debug|x86.Build.0 = Debug|Win32
		{2516BECB-EEFF-410E-B280-B875AE292A27}.Release|x64.ActiveCfg = Release|x64
		{2516BECB-EEFF-410E-B280-B875AE292A27}.Release|x64.Build.0 = Release|x64
		{2516BECB-EEFF-410E-B280-B875AE292A27}.Release|x86.ActiveCfg = Release|Win32
		{2516BECB-EEFF-410E-B280-B875AE292A27}.Release|x86.Build.0 = Release|Win32
		{A711C976-B163-481B-B5D2-4599F3CF409F}.Debug|x64.ActiveCfg = Debug|x64
		{A711C976-B163-481B-B5D2-4599F3CF409F}.Debug|x64.Build.0 = Debug|x64
		{A711C976-B163-481B-B5D2-4599F3CF409F}.Debug|x86.ActiveCfg = Debug|Win32
		{A711C976-B163-481B-B5D2-4599F3CF409F}.Debug|x86.Build.0 = Debug|Win32
		{A711C976-B163-481B-B5D2-4599F3CF409F}.Release|x64.ActiveCfg = Release|x64
		{A711C976-B163-481B-B5D2-4599F3CF409F}.Release|x64.Build.0 = Release|x64
		{A711C976-B163-481B-B5D2-4599F3CF409F}.Release|x86.ActiveCfg = Release|Win32
		{A711C976-B163-481B-B5D2-4599F3CF409F}.Release|x86.Build.0 = Release|Win32
	EndGlobalSection
	GlobalSection(SolutionProperties) = preSolution
		HideSolutionNode = FALSE
	EndGlobalSection
	GlobalSection(ExtensibilityGlobals) = postSolution
		SolutionGuid = {618DEBC3-1202-4D40-8D4D-DDD08F6A90ED}
	EndGlobalSection
EndGlobal
